// !$*UTF8*$!
{
	archiveVersion = 1;
	classes = {
	};
	objectVersion = 50;
	objects = {

/* Begin PBXBuildFile section */
		CF28924422DA37E000B880D8 /* config.plist in Resources */ = {isa = PBXBuildFile; fileRef = CF28924322DA37DF00B880D8 /* config.plist */; };
		CFF9DC9822D3A8130087F0EA /* AppDelegate.swift in Sources */ = {isa = PBXBuildFile; fileRef = CFF9DC9722D3A8130087F0EA /* AppDelegate.swift */; };
		CFF9DC9A22D3A8150087F0EA /* Assets.xcassets in Resources */ = {isa = PBXBuildFile; fileRef = CFF9DC9922D3A8150087F0EA /* Assets.xcassets */; };
		CFF9DC9D22D3A8150087F0EA /* Main.storyboard in Resources */ = {isa = PBXBuildFile; fileRef = CFF9DC9B22D3A8150087F0EA /* Main.storyboard */; };
/* End PBXBuildFile section */

/* Begin PBXFileReference section */
		CF28924322DA37DF00B880D8 /* config.plist */ = {isa = PBXFileReference; fileEncoding = 4; lastKnownFileType = text.plist.xml; path = config.plist; sourceTree = "<group>"; };
		CFF45D5822D3AB2600256A36 /* SSDT-GLAN.aml */ = {isa = PBXFileReference; lastKnownFileType = file; path = "SSDT-GLAN.aml"; sourceTree = "<group>"; };
		CFF45D5922D3AB2600256A36 /* SSDT-PLUG.aml */ = {isa = PBXFileReference; lastKnownFileType = file; path = "SSDT-PLUG.aml"; sourceTree = "<group>"; };
		CFF45D5A22D3AB7200256A36 /* OpenCore.efi */ = {isa = PBXFileReference; lastKnownFileType = file; path = OpenCore.efi; sourceTree = "<group>"; };
		CFF45D5B22D3AB7200256A36 /* BOOTx64.efi */ = {isa = PBXFileReference; lastKnownFileType = file; path = BOOTx64.efi; sourceTree = "<group>"; };
		CFF45D5C22D3AB8500256A36 /* ApfsDriverLoader.efi */ = {isa = PBXFileReference; lastKnownFileType = file; path = ApfsDriverLoader.efi; sourceTree = "<group>"; };
		CFF45D5D22D3AB8500256A36 /* AptioMemoryFix.efi */ = {isa = PBXFileReference; lastKnownFileType = file; path = AptioMemoryFix.efi; sourceTree = "<group>"; };
		CFF45D5E22D3AB8500256A36 /* HfsPlus.efi */ = {isa = PBXFileReference; lastKnownFileType = file; path = HfsPlus.efi; sourceTree = "<group>"; };
		CFF45D5F22D3AB8500256A36 /* VirtualSmc.efi */ = {isa = PBXFileReference; lastKnownFileType = file; path = VirtualSmc.efi; sourceTree = "<group>"; };
		CFF45D6022D3AB9300256A36 /* RealtekRTL8111.kext */ = {isa = PBXFileReference; lastKnownFileType = "wrapper.kernel-extension"; path = RealtekRTL8111.kext; sourceTree = "<group>"; };
		CFF45D6122D3AB9300256A36 /* VirtualSMC.kext */ = {isa = PBXFileReference; lastKnownFileType = "wrapper.kernel-extension"; path = VirtualSMC.kext; sourceTree = "<group>"; };
		CFF45D6222D3AB9300256A36 /* AppleALC.kext */ = {isa = PBXFileReference; lastKnownFileType = "wrapper.kernel-extension"; path = AppleALC.kext; sourceTree = "<group>"; };
		CFF45D6322D3AB9300256A36 /* WhateverGreen.kext */ = {isa = PBXFileReference; lastKnownFileType = "wrapper.kernel-extension"; path = WhateverGreen.kext; sourceTree = "<group>"; };
		CFF45D6422D3AB9300256A36 /* Lilu.kext */ = {isa = PBXFileReference; lastKnownFileType = "wrapper.kernel-extension"; path = Lilu.kext; sourceTree = "<group>"; };
		CFF45D6522D3ABB100256A36 /* C602_config.plist */ = {isa = PBXFileReference; lastKnownFileType = text.plist.xml; path = C602_config.plist; sourceTree = "<group>"; };
		CFF45D6622D3ABC300256A36 /* Z97_config.plist */ = {isa = PBXFileReference; lastKnownFileType = text.plist.xml; path = Z97_config.plist; sourceTree = "<group>"; };
		CFF45D6722D3ABD500256A36 /* Z370_config.plist */ = {isa = PBXFileReference; lastKnownFileType = text.plist.xml; path = Z370_config.plist; sourceTree = "<group>"; };
		CFF9DC9422D3A8130087F0EA /* Aeon.app */ = {isa = PBXFileReference; explicitFileType = wrapper.application; includeInIndex = 0; path = Aeon.app; sourceTree = BUILT_PRODUCTS_DIR; };
		CFF9DC9722D3A8130087F0EA /* AppDelegate.swift */ = {isa = PBXFileReference; lastKnownFileType = sourcecode.swift; path = AppDelegate.swift; sourceTree = "<group>"; };
		CFF9DC9922D3A8150087F0EA /* Assets.xcassets */ = {isa = PBXFileReference; lastKnownFileType = folder.assetcatalog; path = Assets.xcassets; sourceTree = "<group>"; };
		CFF9DC9C22D3A8150087F0EA /* Base */ = {isa = PBXFileReference; lastKnownFileType = file.storyboard; name = Base; path = Base.lproj/Main.storyboard; sourceTree = "<group>"; };
		CFF9DC9E22D3A8150087F0EA /* Info.plist */ = {isa = PBXFileReference; lastKnownFileType = text.plist.xml; path = Info.plist; sourceTree = "<group>"; };
		CFF9DC9F22D3A8150087F0EA /* Aeon.entitlements */ = {isa = PBXFileReference; lastKnownFileType = text.plist.entitlements; path = Aeon.entitlements; sourceTree = "<group>"; };
/* End PBXFileReference section */

/* Begin PBXFrameworksBuildPhase section */
		CFF9DC9122D3A8130087F0EA /* Frameworks */ = {
			isa = PBXFrameworksBuildPhase;
			buildActionMask = 2147483647;
			files = (
			);
			runOnlyForDeploymentPostprocessing = 0;
		};
/* End PBXFrameworksBuildPhase section */

/* Begin PBXGroup section */
		CF28924222DA37C800B880D8 /* X299 */ = {
			isa = PBXGroup;
			children = (
				CF28924322DA37DF00B880D8 /* config.plist */,
			);
			path = X299;
			sourceTree = "<group>";
		};
		CFF45D2F22D3A9C700256A36 /* Test_Builds */ = {
			isa = PBXGroup;
			children = (
				CF28924222DA37C800B880D8 /* X299 */,
				CFF45D3022D3A9C700256A36 /* Z370 */,
				CFF45D3222D3A9C700256A36 /* C602 */,
				CFF45D3422D3A9C700256A36 /* Z97 */,
			);
			path = Test_Builds;
			sourceTree = "<group>";
		};
		CFF45D3022D3A9C700256A36 /* Z370 */ = {
			isa = PBXGroup;
			children = (
				CFF45D6722D3ABD500256A36 /* Z370_config.plist */,
			);
			path = Z370;
			sourceTree = "<group>";
		};
		CFF45D3222D3A9C700256A36 /* C602 */ = {
			isa = PBXGroup;
			children = (
				CFF45D6522D3ABB100256A36 /* C602_config.plist */,
			);
			path = C602;
			sourceTree = "<group>";
		};
		CFF45D3422D3A9C700256A36 /* Z97 */ = {
			isa = PBXGroup;
			children = (
				CFF45D6622D3ABC300256A36 /* Z97_config.plist */,
			);
			path = Z97;
			sourceTree = "<group>";
		};
		CFF45D3622D3A9C700256A36 /* Boot_Picker */ = {
			isa = PBXGroup;
			children = (
				CFF45D3722D3A9C700256A36 /* OpenCore */,
			);
			path = Boot_Picker;
			sourceTree = "<group>";
		};
		CFF45D3722D3A9C700256A36 /* OpenCore */ = {
			isa = PBXGroup;
			children = (
				CFF45D5B22D3AB7200256A36 /* BOOTx64.efi */,
				CFF45D5A22D3AB7200256A36 /* OpenCore.efi */,
			);
			path = OpenCore;
			sourceTree = "<group>";
		};
		CFF45D3A22D3A9C700256A36 /* Drivers */ = {
			isa = PBXGroup;
			children = (
				CFF45D5C22D3AB8500256A36 /* ApfsDriverLoader.efi */,
				CFF45D5D22D3AB8500256A36 /* AptioMemoryFix.efi */,
				CFF45D5E22D3AB8500256A36 /* HfsPlus.efi */,
				CFF45D5F22D3AB8500256A36 /* VirtualSmc.efi */,
			);
			path = Drivers;
			sourceTree = "<group>";
		};
		CFF45D3F22D3A9C700256A36 /* Kexts */ = {
			isa = PBXGroup;
			children = (
				CFF45D6222D3AB9300256A36 /* AppleALC.kext */,
				CFF45D6422D3AB9300256A36 /* Lilu.kext */,
				CFF45D6022D3AB9300256A36 /* RealtekRTL8111.kext */,
				CFF45D6122D3AB9300256A36 /* VirtualSMC.kext */,
				CFF45D6322D3AB9300256A36 /* WhateverGreen.kext */,
			);
			path = Kexts;
			sourceTree = "<group>";
		};
		CFF45D4522D3A9C700256A36 /* ACPI_Examples */ = {
			isa = PBXGroup;
			children = (
				CFF45D5822D3AB2600256A36 /* SSDT-GLAN.aml */,
				CFF45D5922D3AB2600256A36 /* SSDT-PLUG.aml */,
			);
			path = ACPI_Examples;
			sourceTree = "<group>";
		};
		CFF9DC8B22D3A8130087F0EA = {
			isa = PBXGroup;
			children = (
				CFF9DC9622D3A8130087F0EA /* Aeon */,
				CFF9DC9522D3A8130087F0EA /* Products */,
			);
			sourceTree = "<group>";
		};
		CFF9DC9522D3A8130087F0EA /* Products */ = {
			isa = PBXGroup;
			children = (
				CFF9DC9422D3A8130087F0EA /* Aeon.app */,
			);
			name = Products;
			sourceTree = "<group>";
		};
		CFF9DC9622D3A8130087F0EA /* Aeon */ = {
			isa = PBXGroup;
			children = (
				CFF45D4522D3A9C700256A36 /* ACPI_Examples */,
				CFF45D3622D3A9C700256A36 /* Boot_Picker */,
				CFF45D3A22D3A9C700256A36 /* Drivers */,
				CFF45D3F22D3A9C700256A36 /* Kexts */,
				CFF45D2F22D3A9C700256A36 /* Test_Builds */,
				CFF9DC9722D3A8130087F0EA /* AppDelegate.swift */,
				CFF9DC9922D3A8150087F0EA /* Assets.xcassets */,
				CFF9DC9B22D3A8150087F0EA /* Main.storyboard */,
				CFF9DC9E22D3A8150087F0EA /* Info.plist */,
				CFF9DC9F22D3A8150087F0EA /* Aeon.entitlements */,
			);
			path = Aeon;
			sourceTree = "<group>";
		};
/* End PBXGroup section */

/* Begin PBXNativeTarget section */
		CFF9DC9322D3A8130087F0EA /* Aeon */ = {
			isa = PBXNativeTarget;
			buildConfigurationList = CFF9DCA222D3A8150087F0EA /* Build configuration list for PBXNativeTarget "Aeon" */;
			buildPhases = (
				CFF9DC9022D3A8130087F0EA /* Sources */,
				CFF9DC9122D3A8130087F0EA /* Frameworks */,
				CFF9DC9222D3A8130087F0EA /* Resources */,
			);
			buildRules = (
			);
			dependencies = (
			);
			name = Aeon;
			productName = Aeon;
			productReference = CFF9DC9422D3A8130087F0EA /* Aeon.app */;
			productType = "com.apple.product-type.application";
		};
/* End PBXNativeTarget section */

/* Begin PBXProject section */
		CFF9DC8C22D3A8130087F0EA /* Project object */ = {
			isa = PBXProject;
			attributes = {
				LastSwiftUpdateCheck = 1100;
				LastUpgradeCheck = 1100;
				ORGANIZATIONNAME = "Henry Brock";
				TargetAttributes = {
					CFF9DC9322D3A8130087F0EA = {
						CreatedOnToolsVersion = 11.0;
					};
				};
			};
			buildConfigurationList = CFF9DC8F22D3A8130087F0EA /* Build configuration list for PBXProject "Aeon" */;
			compatibilityVersion = "Xcode 9.3";
			developmentRegion = en;
			hasScannedForEncodings = 0;
			knownRegions = (
				en,
				Base,
			);
			mainGroup = CFF9DC8B22D3A8130087F0EA;
			productRefGroup = CFF9DC9522D3A8130087F0EA /* Products */;
			projectDirPath = "";
			projectRoot = "";
			targets = (
				CFF9DC9322D3A8130087F0EA /* Aeon */,
			);
		};
/* End PBXProject section */

/* Begin PBXResourcesBuildPhase section */
		CFF9DC9222D3A8130087F0EA /* Resources */ = {
			isa = PBXResourcesBuildPhase;
			buildActionMask = 2147483647;
			files = (
				CFF9DC9A22D3A8150087F0EA /* Assets.xcassets in Resources */,
				CFF9DC9D22D3A8150087F0EA /* Main.storyboard in Resources */,
				CF28924422DA37E000B880D8 /* config.plist in Resources */,
			);
			runOnlyForDeploymentPostprocessing = 0;
		};
/* End PBXResourcesBuildPhase section */

/* Begin PBXSourcesBuildPhase section */
		CFF9DC9022D3A8130087F0EA /* Sources */ = {
			isa = PBXSourcesBuildPhase;
			buildActionMask = 2147483647;
			files = (
				CFF9DC9822D3A8130087F0EA /* AppDelegate.swift in Sources */,
			);
			runOnlyForDeploymentPostprocessing = 0;
		};
/* End PBXSourcesBuildPhase section */

/* Begin PBXVariantGroup section */
		CFF9DC9B22D3A8150087F0EA /* Main.storyboard */ = {
			isa = PBXVariantGroup;
			children = (
				CFF9DC9C22D3A8150087F0EA /* Base */,
			);
			name = Main.storyboard;
			sourceTree = "<group>";
		};
/* End PBXVariantGroup section */

/* Begin XCBuildConfiguration section */
		CFF9DCA022D3A8150087F0EA /* Debug */ = {
			isa = XCBuildConfiguration;
			buildSettings = {
				ALWAYS_SEARCH_USER_PATHS = NO;
				CLANG_ANALYZER_NONNULL = YES;
				CLANG_ANALYZER_NUMBER_OBJECT_CONVERSION = YES_AGGRESSIVE;
				CLANG_CXX_LANGUAGE_STANDARD = "gnu++14";
				CLANG_CXX_LIBRARY = "libc++";
				CLANG_ENABLE_MODULES = YES;
				CLANG_ENABLE_OBJC_ARC = YES;
				CLANG_ENABLE_OBJC_WEAK = YES;
				CLANG_WARN_BLOCK_CAPTURE_AUTORELEASING = YES;
				CLANG_WARN_BOOL_CONVERSION = YES;
				CLANG_WARN_COMMA = YES;
				CLANG_WARN_CONSTANT_CONVERSION = YES;
				CLANG_WARN_DEPRECATED_OBJC_IMPLEMENTATIONS = YES;
				CLANG_WARN_DIRECT_OBJC_ISA_USAGE = YES_ERROR;
				CLANG_WARN_DOCUMENTATION_COMMENTS = YES;
				CLANG_WARN_EMPTY_BODY = YES;
				CLANG_WARN_ENUM_CONVERSION = YES;
				CLANG_WARN_INFINITE_RECURSION = YES;
				CLANG_WARN_INT_CONVERSION = YES;
				CLANG_WARN_NON_LITERAL_NULL_CONVERSION = YES;
				CLANG_WARN_OBJC_IMPLICIT_RETAIN_SELF = YES;
				CLANG_WARN_OBJC_LITERAL_CONVERSION = YES;
				CLANG_WARN_OBJC_ROOT_CLASS = YES_ERROR;
				CLANG_WARN_RANGE_LOOP_ANALYSIS = YES;
				CLANG_WARN_STRICT_PROTOTYPES = YES;
				CLANG_WARN_SUSPICIOUS_MOVE = YES;
				CLANG_WARN_UNGUARDED_AVAILABILITY = YES_AGGRESSIVE;
				CLANG_WARN_UNREACHABLE_CODE = YES;
				CLANG_WARN__DUPLICATE_METHOD_MATCH = YES;
				COPY_PHASE_STRIP = NO;
				DEBUG_INFORMATION_FORMAT = dwarf;
				ENABLE_STRICT_OBJC_MSGSEND = YES;
				ENABLE_TESTABILITY = YES;
				GCC_C_LANGUAGE_STANDARD = gnu11;
				GCC_DYNAMIC_NO_PIC = NO;
				GCC_NO_COMMON_BLOCKS = YES;
				GCC_OPTIMIZATION_LEVEL = 0;
				GCC_PREPROCESSOR_DEFINITIONS = (
					"DEBUG=1",
					"$(inherited)",
				);
				GCC_WARN_64_TO_32_BIT_CONVERSION = YES;
				GCC_WARN_ABOUT_RETURN_TYPE = YES_ERROR;
				GCC_WARN_UNDECLARED_SELECTOR = YES;
				GCC_WARN_UNINITIALIZED_AUTOS = YES_AGGRESSIVE;
				GCC_WARN_UNUSED_FUNCTION = YES;
				GCC_WARN_UNUSED_VARIABLE = YES;
				MACOSX_DEPLOYMENT_TARGET = 10.12;
				MTL_ENABLE_DEBUG_INFO = INCLUDE_SOURCE;
				MTL_FAST_MATH = YES;
				ONLY_ACTIVE_ARCH = YES;
				SDKROOT = macosx;
				SWIFT_ACTIVE_COMPILATION_CONDITIONS = DEBUG;
				SWIFT_OPTIMIZATION_LEVEL = "-Onone";
			};
			name = Debug;
		};
		CFF9DCA122D3A8150087F0EA /* Release */ = {
			isa = XCBuildConfiguration;
			buildSettings = {
				ALWAYS_SEARCH_USER_PATHS = NO;
				CLANG_ANALYZER_NONNULL = YES;
				CLANG_ANALYZER_NUMBER_OBJECT_CONVERSION = YES_AGGRESSIVE;
				CLANG_CXX_LANGUAGE_STANDARD = "gnu++14";
				CLANG_CXX_LIBRARY = "libc++";
				CLANG_ENABLE_MODULES = YES;
				CLANG_ENABLE_OBJC_ARC = YES;
				CLANG_ENABLE_OBJC_WEAK = YES;
				CLANG_WARN_BLOCK_CAPTURE_AUTORELEASING = YES;
				CLANG_WARN_BOOL_CONVERSION = YES;
				CLANG_WARN_COMMA = YES;
				CLANG_WARN_CONSTANT_CONVERSION = YES;
				CLANG_WARN_DEPRECATED_OBJC_IMPLEMENTATIONS = YES;
				CLANG_WARN_DIRECT_OBJC_ISA_USAGE = YES_ERROR;
				CLANG_WARN_DOCUMENTATION_COMMENTS = YES;
				CLANG_WARN_EMPTY_BODY = YES;
				CLANG_WARN_ENUM_CONVERSION = YES;
				CLANG_WARN_INFINITE_RECURSION = YES;
				CLANG_WARN_INT_CONVERSION = YES;
				CLANG_WARN_NON_LITERAL_NULL_CONVERSION = YES;
				CLANG_WARN_OBJC_IMPLICIT_RETAIN_SELF = YES;
				CLANG_WARN_OBJC_LITERAL_CONVERSION = YES;
				CLANG_WARN_OBJC_ROOT_CLASS = YES_ERROR;
				CLANG_WARN_RANGE_LOOP_ANALYSIS = YES;
				CLANG_WARN_STRICT_PROTOTYPES = YES;
				CLANG_WARN_SUSPICIOUS_MOVE = YES;
				CLANG_WARN_UNGUARDED_AVAILABILITY = YES_AGGRESSIVE;
				CLANG_WARN_UNREACHABLE_CODE = YES;
				CLANG_WARN__DUPLICATE_METHOD_MATCH = YES;
				COPY_PHASE_STRIP = NO;
				DEBUG_INFORMATION_FORMAT = "dwarf-with-dsym";
				ENABLE_NS_ASSERTIONS = NO;
				ENABLE_STRICT_OBJC_MSGSEND = YES;
				GCC_C_LANGUAGE_STANDARD = gnu11;
				GCC_NO_COMMON_BLOCKS = YES;
				GCC_WARN_64_TO_32_BIT_CONVERSION = YES;
				GCC_WARN_ABOUT_RETURN_TYPE = YES_ERROR;
				GCC_WARN_UNDECLARED_SELECTOR = YES;
				GCC_WARN_UNINITIALIZED_AUTOS = YES_AGGRESSIVE;
				GCC_WARN_UNUSED_FUNCTION = YES;
				GCC_WARN_UNUSED_VARIABLE = YES;
				MACOSX_DEPLOYMENT_TARGET = 10.12;
				MTL_ENABLE_DEBUG_INFO = NO;
				MTL_FAST_MATH = YES;
				SDKROOT = macosx;
				SWIFT_COMPILATION_MODE = wholemodule;
				SWIFT_OPTIMIZATION_LEVEL = "-O";
			};
			name = Release;
		};
		CFF9DCA322D3A8150087F0EA /* Debug */ = {
			isa = XCBuildConfiguration;
			buildSettings = {
				ASSETCATALOG_COMPILER_APPICON_NAME = AppIcon;
				CODE_SIGN_ENTITLEMENTS = Aeon/Aeon.entitlements;
				CODE_SIGN_STYLE = Automatic;
				COMBINE_HIDPI_IMAGES = YES;
				DEVELOPMENT_TEAM = 5DG8PLV54H;
				ENABLE_HARDENED_RUNTIME = YES;
				INFOPLIST_FILE = Aeon/Info.plist;
				LD_RUNPATH_SEARCH_PATHS = (
					"$(inherited)",
					"@executable_path/../Frameworks",
				);
				PRODUCT_BUNDLE_IDENTIFIER = com.Aeon.Pavo.Aeon;
				PRODUCT_NAME = "$(TARGET_NAME)";
				SWIFT_VERSION = 5.0;
			};
			name = Debug;
		};
		CFF9DCA422D3A8150087F0EA /* Release */ = {
			isa = XCBuildConfiguration;
			buildSettings = {
				ASSETCATALOG_COMPILER_APPICON_NAME = AppIcon;
				CODE_SIGN_ENTITLEMENTS = Aeon/Aeon.entitlements;
				CODE_SIGN_STYLE = Automatic;
				COMBINE_HIDPI_IMAGES = YES;
				DEVELOPMENT_TEAM = 5DG8PLV54H;
				ENABLE_HARDENED_RUNTIME = YES;
				INFOPLIST_FILE = Aeon/Info.plist;
				LD_RUNPATH_SEARCH_PATHS = (
					"$(inherited)",
					"@executable_path/../Frameworks",
				);
				PRODUCT_BUNDLE_IDENTIFIER = com.Aeon.Pavo.Aeon;
				PRODUCT_NAME = "$(TARGET_NAME)";
				SWIFT_VERSION = 5.0;
			};
			name = Release;
		};
/* End XCBuildConfiguration section */

/* Begin XCConfigurationList section */
		CFF9DC8F22D3A8130087F0EA /* Build configuration list for PBXProject "Aeon" */ = {
			isa = XCConfigurationList;
			buildConfigurations = (
				CFF9DCA022D3A8150087F0EA /* Debug */,
				CFF9DCA122D3A8150087F0EA /* Release */,
			);
			defaultConfigurationIsVisible = 0;
			defaultConfigurationName = Release;
		};
		CFF9DCA222D3A8150087F0EA /* Build configuration list for PBXNativeTarget "Aeon" */ = {
			isa = XCConfigurationList;
			buildConfigurations = (
				CFF9DCA322D3A8150087F0EA /* Debug */,
				CFF9DCA422D3A8150087F0EA /* Release */,
			);
			defaultConfigurationIsVisible = 0;
			defaultConfigurationName = Release;
		};
/* End XCConfigurationList section */
	};
	rootObject = CFF9DC8C22D3A8130087F0EA /* Project object */;
}
